// !$*UTF8*$!
{
	archiveVersion = 1;
	classes = {
	};
	objectVersion = 46;
	objects = {

/* Begin PBXBuildFile section */
		791B564E1B17EA6D00126C10 /* ASFinalScoreRow.swift in Sources */ = {isa = PBXBuildFile; fileRef = 791B564D1B17EA6D00126C10 /* ASFinalScoreRow.swift */; };
		792F15E91AFC59B10047B66F /* ASLimitResultRow.swift in Sources */ = {isa = PBXBuildFile; fileRef = 792F15E81AFC59B10047B66F /* ASLimitResultRow.swift */; };
		792FA4DC1A8C3A1500314D9B /* AppDelegate.swift in Sources */ = {isa = PBXBuildFile; fileRef = 792FA4DB1A8C3A1500314D9B /* AppDelegate.swift */; };
		792FA4DF1A8C3A1500314D9B /* SimpleAgricolaScorer.xcdatamodeld in Sources */ = {isa = PBXBuildFile; fileRef = 792FA4DD1A8C3A1500314D9B /* SimpleAgricolaScorer.xcdatamodeld */; };
		792FA4E41A8C3A1500314D9B /* Main.storyboard in Resources */ = {isa = PBXBuildFile; fileRef = 792FA4E21A8C3A1500314D9B /* Main.storyboard */; };
		792FA4E61A8C3A1500314D9B /* Images.xcassets in Resources */ = {isa = PBXBuildFile; fileRef = 792FA4E51A8C3A1500314D9B /* Images.xcassets */; };
		792FA4E91A8C3A1500314D9B /* LaunchScreen.xib in Resources */ = {isa = PBXBuildFile; fileRef = 792FA4E71A8C3A1500314D9B /* LaunchScreen.xib */; };
		792FA4F51A8C3A1500314D9B /* SimpleAgricolaScorerTests.swift in Sources */ = {isa = PBXBuildFile; fileRef = 792FA4F41A8C3A1500314D9B /* SimpleAgricolaScorerTests.swift */; };
		792FA4FF1A8C41BF00314D9B /* StartViewController.swift in Sources */ = {isa = PBXBuildFile; fileRef = 792FA4FE1A8C41BF00314D9B /* StartViewController.swift */; };
		792FA5011A8D3CA100314D9B /* MainData.swift in Sources */ = {isa = PBXBuildFile; fileRef = 792FA5001A8D3CA100314D9B /* MainData.swift */; };
		792FA5031A8D71F800314D9B /* ScorerViewController.swift in Sources */ = {isa = PBXBuildFile; fileRef = 792FA5021A8D71F800314D9B /* ScorerViewController.swift */; };
		792FA5051A8EEDE700314D9B /* ScorerTableViewController.swift in Sources */ = {isa = PBXBuildFile; fileRef = 792FA5041A8EEDE700314D9B /* ScorerTableViewController.swift */; };
		795044DE1AC249C1003614BA /* LimitPickerViewController.swift in Sources */ = {isa = PBXBuildFile; fileRef = 795044DC1AC249C1003614BA /* LimitPickerViewController.swift */; };
		795044DF1AC249C1003614BA /* LimitPickerViewController.xib in Resources */ = {isa = PBXBuildFile; fileRef = 795044DD1AC249C1003614BA /* LimitPickerViewController.xib */; };
		79AFC0441AF1A52500AD2399 /* MultiChoiceTableViewCell.swift in Sources */ = {isa = PBXBuildFile; fileRef = 79AFC0421AF1A52500AD2399 /* MultiChoiceTableViewCell.swift */; };
		79AFC0451AF1A52500AD2399 /* MultiChoiceTableViewCell.xib in Resources */ = {isa = PBXBuildFile; fileRef = 79AFC0431AF1A52500AD2399 /* MultiChoiceTableViewCell.xib */; };
		79B6CF3D1B6F9DB8008C5642 /* ASInputRule.swift in Sources */ = {isa = PBXBuildFile; fileRef = 79B6CF3C1B6F9DB8008C5642 /* ASInputRule.swift */; };
		79B6CF3F1B6FBF9A008C5642 /* ASChoiceRule.swift in Sources */ = {isa = PBXBuildFile; fileRef = 79B6CF3E1B6FBF9A008C5642 /* ASChoiceRule.swift */; };
		79B6CF411B705919008C5642 /* ASModifierRule.swift in Sources */ = {isa = PBXBuildFile; fileRef = 79B6CF401B705919008C5642 /* ASModifierRule.swift */; };
		79C4EAB91B1AA053008579B8 /* ASRule.swift in Sources */ = {isa = PBXBuildFile; fileRef = 79C4EAB81B1AA053008579B8 /* ASRule.swift */; };
		79C4EABB1B1B4A64008579B8 /* ASRangesRule.swift in Sources */ = {isa = PBXBuildFile; fileRef = 79C4EABA1B1B4A64008579B8 /* ASRangesRule.swift */; };
		79C754ED1B6C51A800793BEF /* ASTranslateRule.swift in Sources */ = {isa = PBXBuildFile; fileRef = 79C754EC1B6C51A800793BEF /* ASTranslateRule.swift */; };
		79CCA18B1B140901009A6271 /* ASInputResultRow.swift in Sources */ = {isa = PBXBuildFile; fileRef = 79CCA18A1B140901009A6271 /* ASInputResultRow.swift */; };
		79CCA18D1B154C47009A6271 /* NumberInputTableViewCell.swift in Sources */ = {isa = PBXBuildFile; fileRef = 79CCA18C1B154C47009A6271 /* NumberInputTableViewCell.swift */; };
		79CE446C1AEF138200B11A69 /* ASRow.swift in Sources */ = {isa = PBXBuildFile; fileRef = 79CE446B1AEF138200B11A69 /* ASRow.swift */; };
		79CE446E1AEF13F200B11A69 /* ASLimitRow.swift in Sources */ = {isa = PBXBuildFile; fileRef = 79CE446D1AEF13F200B11A69 /* ASLimitRow.swift */; };
		79CE44701AEF144400B11A69 /* ASChoicesRow.swift in Sources */ = {isa = PBXBuildFile; fileRef = 79CE446F1AEF144400B11A69 /* ASChoicesRow.swift */; };
		79CE44721AEF189900B11A69 /* ASInputRow.swift in Sources */ = {isa = PBXBuildFile; fileRef = 79CE44711AEF189900B11A69 /* ASInputRow.swift */; };
		79DCA68F1AE8893600E57E4F /* LimitPickerTableViewCell.swift in Sources */ = {isa = PBXBuildFile; fileRef = 79DCA68D1AE8893600E57E4F /* LimitPickerTableViewCell.swift */; };
		79DCA6901AE8893600E57E4F /* LimitPickerTableViewCell.xib in Resources */ = {isa = PBXBuildFile; fileRef = 79DCA68E1AE8893600E57E4F /* LimitPickerTableViewCell.xib */; };
		79DDFCEB1B4F5F9F00F4DA6E /* ASScorer.swift in Sources */ = {isa = PBXBuildFile; fileRef = 79DDFCEA1B4F5F9F00F4DA6E /* ASScorer.swift */; };
		79EA80B21B0A6A56000FDA42 /* ResultTableViewCell.swift in Sources */ = {isa = PBXBuildFile; fileRef = 79EA80B11B0A6A56000FDA42 /* ResultTableViewCell.swift */; };
/* End PBXBuildFile section */

/* Begin PBXContainerItemProxy section */
		792FA4EF1A8C3A1500314D9B /* PBXContainerItemProxy */ = {
			isa = PBXContainerItemProxy;
			containerPortal = 792FA4CE1A8C3A1500314D9B /* Project object */;
			proxyType = 1;
			remoteGlobalIDString = 792FA4D51A8C3A1500314D9B;
			remoteInfo = SimpleAgricolaScorer;
		};
/* End PBXContainerItemProxy section */

/* Begin PBXFileReference section */
		791B564D1B17EA6D00126C10 /* ASFinalScoreRow.swift */ = {isa = PBXFileReference; fileEncoding = 4; lastKnownFileType = sourcecode.swift; path = ASFinalScoreRow.swift; sourceTree = "<group>"; };
		792F15E81AFC59B10047B66F /* ASLimitResultRow.swift */ = {isa = PBXFileReference; fileEncoding = 4; lastKnownFileType = sourcecode.swift; path = ASLimitResultRow.swift; sourceTree = "<group>"; };
		792FA4D61A8C3A1500314D9B /* SimpleAgricolaScorer.app */ = {isa = PBXFileReference; explicitFileType = wrapper.application; includeInIndex = 0; path = SimpleAgricolaScorer.app; sourceTree = BUILT_PRODUCTS_DIR; };
		792FA4DA1A8C3A1500314D9B /* Info.plist */ = {isa = PBXFileReference; lastKnownFileType = text.plist.xml; path = Info.plist; sourceTree = "<group>"; };
		792FA4DB1A8C3A1500314D9B /* AppDelegate.swift */ = {isa = PBXFileReference; lastKnownFileType = sourcecode.swift; path = AppDelegate.swift; sourceTree = "<group>"; };
		792FA4DE1A8C3A1500314D9B /* SimpleAgricolaScorer.xcdatamodel */ = {isa = PBXFileReference; lastKnownFileType = wrapper.xcdatamodel; path = SimpleAgricolaScorer.xcdatamodel; sourceTree = "<group>"; };
		792FA4E31A8C3A1500314D9B /* Base */ = {isa = PBXFileReference; lastKnownFileType = file.storyboard; name = Base; path = Base.lproj/Main.storyboard; sourceTree = "<group>"; };
		792FA4E51A8C3A1500314D9B /* Images.xcassets */ = {isa = PBXFileReference; lastKnownFileType = folder.assetcatalog; path = Images.xcassets; sourceTree = "<group>"; };
		792FA4E81A8C3A1500314D9B /* Base */ = {isa = PBXFileReference; lastKnownFileType = file.xib; name = Base; path = Base.lproj/LaunchScreen.xib; sourceTree = "<group>"; };
		792FA4EE1A8C3A1500314D9B /* SimpleAgricolaScorerTests.xctest */ = {isa = PBXFileReference; explicitFileType = wrapper.cfbundle; includeInIndex = 0; path = SimpleAgricolaScorerTests.xctest; sourceTree = BUILT_PRODUCTS_DIR; };
		792FA4F31A8C3A1500314D9B /* Info.plist */ = {isa = PBXFileReference; lastKnownFileType = text.plist.xml; path = Info.plist; sourceTree = "<group>"; };
		792FA4F41A8C3A1500314D9B /* SimpleAgricolaScorerTests.swift */ = {isa = PBXFileReference; lastKnownFileType = sourcecode.swift; path = SimpleAgricolaScorerTests.swift; sourceTree = "<group>"; };
		792FA4FE1A8C41BF00314D9B /* StartViewController.swift */ = {isa = PBXFileReference; fileEncoding = 4; lastKnownFileType = sourcecode.swift; path = StartViewController.swift; sourceTree = "<group>"; };
		792FA5001A8D3CA100314D9B /* MainData.swift */ = {isa = PBXFileReference; fileEncoding = 4; lastKnownFileType = sourcecode.swift; path = MainData.swift; sourceTree = "<group>"; };
		792FA5021A8D71F800314D9B /* ScorerViewController.swift */ = {isa = PBXFileReference; fileEncoding = 4; lastKnownFileType = sourcecode.swift; path = ScorerViewController.swift; sourceTree = "<group>"; };
		792FA5041A8EEDE700314D9B /* ScorerTableViewController.swift */ = {isa = PBXFileReference; fileEncoding = 4; lastKnownFileType = sourcecode.swift; path = ScorerTableViewController.swift; sourceTree = "<group>"; };
		795044DC1AC249C1003614BA /* LimitPickerViewController.swift */ = {isa = PBXFileReference; fileEncoding = 4; lastKnownFileType = sourcecode.swift; path = LimitPickerViewController.swift; sourceTree = "<group>"; };
		795044DD1AC249C1003614BA /* LimitPickerViewController.xib */ = {isa = PBXFileReference; fileEncoding = 4; lastKnownFileType = file.xib; path = LimitPickerViewController.xib; sourceTree = "<group>"; };
		79AFC0421AF1A52500AD2399 /* MultiChoiceTableViewCell.swift */ = {isa = PBXFileReference; fileEncoding = 4; lastKnownFileType = sourcecode.swift; path = MultiChoiceTableViewCell.swift; sourceTree = "<group>"; };
		79AFC0431AF1A52500AD2399 /* MultiChoiceTableViewCell.xib */ = {isa = PBXFileReference; fileEncoding = 4; lastKnownFileType = file.xib; path = MultiChoiceTableViewCell.xib; sourceTree = "<group>"; };
		79B6CF3C1B6F9DB8008C5642 /* ASInputRule.swift */ = {isa = PBXFileReference; fileEncoding = 4; lastKnownFileType = sourcecode.swift; path = ASInputRule.swift; sourceTree = "<group>"; };
		79B6CF3E1B6FBF9A008C5642 /* ASChoiceRule.swift */ = {isa = PBXFileReference; fileEncoding = 4; lastKnownFileType = sourcecode.swift; path = ASChoiceRule.swift; sourceTree = "<group>"; };
		79B6CF401B705919008C5642 /* ASModifierRule.swift */ = {isa = PBXFileReference; fileEncoding = 4; lastKnownFileType = sourcecode.swift; path = ASModifierRule.swift; sourceTree = "<group>"; };
		79C4EAB81B1AA053008579B8 /* ASRule.swift */ = {isa = PBXFileReference; fileEncoding = 4; lastKnownFileType = sourcecode.swift; path = ASRule.swift; sourceTree = "<group>"; };
		79C4EABA1B1B4A64008579B8 /* ASRangesRule.swift */ = {isa = PBXFileReference; fileEncoding = 4; lastKnownFileType = sourcecode.swift; path = ASRangesRule.swift; sourceTree = "<group>"; };
		79C754EC1B6C51A800793BEF /* ASTranslateRule.swift */ = {isa = PBXFileReference; fileEncoding = 4; lastKnownFileType = sourcecode.swift; path = ASTranslateRule.swift; sourceTree = "<group>"; };
		79CCA18A1B140901009A6271 /* ASInputResultRow.swift */ = {isa = PBXFileReference; fileEncoding = 4; lastKnownFileType = sourcecode.swift; path = ASInputResultRow.swift; sourceTree = "<group>"; };
		79CCA18C1B154C47009A6271 /* NumberInputTableViewCell.swift */ = {isa = PBXFileReference; fileEncoding = 4; lastKnownFileType = sourcecode.swift; path = NumberInputTableViewCell.swift; sourceTree = "<group>"; };
		79CE446B1AEF138200B11A69 /* ASRow.swift */ = {isa = PBXFileReference; fileEncoding = 4; lastKnownFileType = sourcecode.swift; path = ASRow.swift; sourceTree = "<group>"; };
		79CE446D1AEF13F200B11A69 /* ASLimitRow.swift */ = {isa = PBXFileReference; fileEncoding = 4; lastKnownFileType = sourcecode.swift; path = ASLimitRow.swift; sourceTree = "<group>"; };
		79CE446F1AEF144400B11A69 /* ASChoicesRow.swift */ = {isa = PBXFileReference; fileEncoding = 4; lastKnownFileType = sourcecode.swift; path = ASChoicesRow.swift; sourceTree = "<group>"; };
		79CE44711AEF189900B11A69 /* ASInputRow.swift */ = {isa = PBXFileReference; fileEncoding = 4; lastKnownFileType = sourcecode.swift; path = ASInputRow.swift; sourceTree = "<group>"; };
		79DCA68D1AE8893600E57E4F /* LimitPickerTableViewCell.swift */ = {isa = PBXFileReference; fileEncoding = 4; lastKnownFileType = sourcecode.swift; path = LimitPickerTableViewCell.swift; sourceTree = "<group>"; };
		79DCA68E1AE8893600E57E4F /* LimitPickerTableViewCell.xib */ = {isa = PBXFileReference; fileEncoding = 4; lastKnownFileType = file.xib; path = LimitPickerTableViewCell.xib; sourceTree = "<group>"; };
		79DDFCEA1B4F5F9F00F4DA6E /* ASScorer.swift */ = {isa = PBXFileReference; fileEncoding = 4; lastKnownFileType = sourcecode.swift; path = ASScorer.swift; sourceTree = "<group>"; };
		79EA80B11B0A6A56000FDA42 /* ResultTableViewCell.swift */ = {isa = PBXFileReference; fileEncoding = 4; lastKnownFileType = sourcecode.swift; path = ResultTableViewCell.swift; sourceTree = "<group>"; };
/* End PBXFileReference section */

/* Begin PBXFrameworksBuildPhase section */
		792FA4D31A8C3A1500314D9B /* Frameworks */ = {
			isa = PBXFrameworksBuildPhase;
			buildActionMask = 2147483647;
			files = (
			);
			runOnlyForDeploymentPostprocessing = 0;
		};
		792FA4EB1A8C3A1500314D9B /* Frameworks */ = {
			isa = PBXFrameworksBuildPhase;
			buildActionMask = 2147483647;
			files = (
			);
			runOnlyForDeploymentPostprocessing = 0;
		};
/* End PBXFrameworksBuildPhase section */

/* Begin PBXGroup section */
		792FA4CD1A8C3A1500314D9B = {
			isa = PBXGroup;
			children = (
				792FA4D81A8C3A1500314D9B /* SimpleAgricolaScorer */,
				792FA4F11A8C3A1500314D9B /* SimpleAgricolaScorerTests */,
				792FA4D71A8C3A1500314D9B /* Products */,
			);
			sourceTree = "<group>";
		};
		792FA4D71A8C3A1500314D9B /* Products */ = {
			isa = PBXGroup;
			children = (
				792FA4D61A8C3A1500314D9B /* SimpleAgricolaScorer.app */,
				792FA4EE1A8C3A1500314D9B /* SimpleAgricolaScorerTests.xctest */,
			);
			name = Products;
			sourceTree = "<group>";
		};
		792FA4D81A8C3A1500314D9B /* SimpleAgricolaScorer */ = {
			isa = PBXGroup;
			children = (
				792FA4DB1A8C3A1500314D9B /* AppDelegate.swift */,
				792FA4E21A8C3A1500314D9B /* Main.storyboard */,
				792FA5001A8D3CA100314D9B /* MainData.swift */,
				792FA4FE1A8C41BF00314D9B /* StartViewController.swift */,
				792FA5021A8D71F800314D9B /* ScorerViewController.swift */,
				795044DC1AC249C1003614BA /* LimitPickerViewController.swift */,
				79DDFCEA1B4F5F9F00F4DA6E /* ASScorer.swift */,
				79DB050B1B478DA800F4D265 /* Interface */,
				79DB050A1B478D7F00F4D265 /* TableViewCells */,
				792FA5041A8EEDE700314D9B /* ScorerTableViewController.swift */,
				79DDFCE91B4F5F4000F4DA6E /* ASRule */,
				798C9D2C1B47426C003657A7 /* ASRow */,
				792FA4E51A8C3A1500314D9B /* Images.xcassets */,
				792FA4E71A8C3A1500314D9B /* LaunchScreen.xib */,
				792FA4DD1A8C3A1500314D9B /* SimpleAgricolaScorer.xcdatamodeld */,
				792FA4D91A8C3A1500314D9B /* Supporting Files */,
			);
			path = SimpleAgricolaScorer;
			sourceTree = "<group>";
		};
		792FA4D91A8C3A1500314D9B /* Supporting Files */ = {
			isa = PBXGroup;
			children = (
				792FA4DA1A8C3A1500314D9B /* Info.plist */,
			);
			name = "Supporting Files";
			sourceTree = "<group>";
		};
		792FA4F11A8C3A1500314D9B /* SimpleAgricolaScorerTests */ = {
			isa = PBXGroup;
			children = (
				792FA4F41A8C3A1500314D9B /* SimpleAgricolaScorerTests.swift */,
				792FA4F21A8C3A1500314D9B /* Supporting Files */,
			);
			path = SimpleAgricolaScorerTests;
			sourceTree = "<group>";
		};
		792FA4F21A8C3A1500314D9B /* Supporting Files */ = {
			isa = PBXGroup;
			children = (
				792FA4F31A8C3A1500314D9B /* Info.plist */,
			);
			name = "Supporting Files";
			sourceTree = "<group>";
		};
		798C9D2C1B47426C003657A7 /* ASRow */ = {
			isa = PBXGroup;
			children = (
				79CE446B1AEF138200B11A69 /* ASRow.swift */,
				79CE44711AEF189900B11A69 /* ASInputRow.swift */,
				79CE446F1AEF144400B11A69 /* ASChoicesRow.swift */,
				79CE446D1AEF13F200B11A69 /* ASLimitRow.swift */,
				791B564D1B17EA6D00126C10 /* ASFinalScoreRow.swift */,
				79CCA18A1B140901009A6271 /* ASInputResultRow.swift */,
				792F15E81AFC59B10047B66F /* ASLimitResultRow.swift */,
			);
			name = ASRow;
			sourceTree = "<group>";
		};
		79DB050A1B478D7F00F4D265 /* TableViewCells */ = {
			isa = PBXGroup;
			children = (
				79DCA68D1AE8893600E57E4F /* LimitPickerTableViewCell.swift */,
				79EA80B11B0A6A56000FDA42 /* ResultTableViewCell.swift */,
				79AFC0421AF1A52500AD2399 /* MultiChoiceTableViewCell.swift */,
				79CCA18C1B154C47009A6271 /* NumberInputTableViewCell.swift */,
			);
			name = TableViewCells;
			sourceTree = "<group>";
		};
		79DB050B1B478DA800F4D265 /* Interface */ = {
			isa = PBXGroup;
			children = (
				795044DD1AC249C1003614BA /* LimitPickerViewController.xib */,
				79DCA68E1AE8893600E57E4F /* LimitPickerTableViewCell.xib */,
				79AFC0431AF1A52500AD2399 /* MultiChoiceTableViewCell.xib */,
			);
			name = Interface;
			sourceTree = "<group>";
		};
		79DDFCE91B4F5F4000F4DA6E /* ASRule */ = {
			isa = PBXGroup;
			children = (
				79C4EAB81B1AA053008579B8 /* ASRule.swift */,
				79C4EABA1B1B4A64008579B8 /* ASRangesRule.swift */,
				79C754EC1B6C51A800793BEF /* ASTranslateRule.swift */,
				79B6CF3C1B6F9DB8008C5642 /* ASInputRule.swift */,
				79B6CF3E1B6FBF9A008C5642 /* ASChoiceRule.swift */,
				79B6CF401B705919008C5642 /* ASModifierRule.swift */,
			);
			name = ASRule;
			sourceTree = "<group>";
		};
/* End PBXGroup section */

/* Begin PBXNativeTarget section */
		792FA4D51A8C3A1500314D9B /* SimpleAgricolaScorer */ = {
			isa = PBXNativeTarget;
			buildConfigurationList = 792FA4F81A8C3A1500314D9B /* Build configuration list for PBXNativeTarget "SimpleAgricolaScorer" */;
			buildPhases = (
				792FA4D21A8C3A1500314D9B /* Sources */,
				792FA4D31A8C3A1500314D9B /* Frameworks */,
				792FA4D41A8C3A1500314D9B /* Resources */,
			);
			buildRules = (
			);
			dependencies = (
			);
			name = SimpleAgricolaScorer;
			productName = SimpleAgricolaScorer;
			productReference = 792FA4D61A8C3A1500314D9B /* SimpleAgricolaScorer.app */;
			productType = "com.apple.product-type.application";
		};
		792FA4ED1A8C3A1500314D9B /* SimpleAgricolaScorerTests */ = {
			isa = PBXNativeTarget;
			buildConfigurationList = 792FA4FB1A8C3A1500314D9B /* Build configuration list for PBXNativeTarget "SimpleAgricolaScorerTests" */;
			buildPhases = (
				792FA4EA1A8C3A1500314D9B /* Sources */,
				792FA4EB1A8C3A1500314D9B /* Frameworks */,
				792FA4EC1A8C3A1500314D9B /* Resources */,
			);
			buildRules = (
			);
			dependencies = (
				792FA4F01A8C3A1500314D9B /* PBXTargetDependency */,
			);
			name = SimpleAgricolaScorerTests;
			productName = SimpleAgricolaScorerTests;
			productReference = 792FA4EE1A8C3A1500314D9B /* SimpleAgricolaScorerTests.xctest */;
			productType = "com.apple.product-type.bundle.unit-test";
		};
/* End PBXNativeTarget section */

/* Begin PBXProject section */
		792FA4CE1A8C3A1500314D9B /* Project object */ = {
			isa = PBXProject;
			attributes = {
				LastUpgradeCheck = 0610;
				ORGANIZATIONNAME = "Benjamin Wishart";
				TargetAttributes = {
					792FA4D51A8C3A1500314D9B = {
						CreatedOnToolsVersion = 6.1.1;
						DevelopmentTeam = 5B745E2Q5N;
					};
					792FA4ED1A8C3A1500314D9B = {
						CreatedOnToolsVersion = 6.1.1;
						TestTargetID = 792FA4D51A8C3A1500314D9B;
					};
				};
			};
			buildConfigurationList = 792FA4D11A8C3A1500314D9B /* Build configuration list for PBXProject "SimpleAgricolaScorer" */;
			compatibilityVersion = "Xcode 3.2";
			developmentRegion = English;
			hasScannedForEncodings = 0;
			knownRegions = (
				en,
				Base,
			);
			mainGroup = 792FA4CD1A8C3A1500314D9B;
			productRefGroup = 792FA4D71A8C3A1500314D9B /* Products */;
			projectDirPath = "";
			projectRoot = "";
			targets = (
				792FA4D51A8C3A1500314D9B /* SimpleAgricolaScorer */,
				792FA4ED1A8C3A1500314D9B /* SimpleAgricolaScorerTests */,
			);
		};
/* End PBXProject section */

/* Begin PBXResourcesBuildPhase section */
		792FA4D41A8C3A1500314D9B /* Resources */ = {
			isa = PBXResourcesBuildPhase;
			buildActionMask = 2147483647;
			files = (
				79AFC0451AF1A52500AD2399 /* MultiChoiceTableViewCell.xib in Resources */,
				792FA4E41A8C3A1500314D9B /* Main.storyboard in Resources */,
				792FA4E91A8C3A1500314D9B /* LaunchScreen.xib in Resources */,
				79DCA6901AE8893600E57E4F /* LimitPickerTableViewCell.xib in Resources */,
				795044DF1AC249C1003614BA /* LimitPickerViewController.xib in Resources */,
				792FA4E61A8C3A1500314D9B /* Images.xcassets in Resources */,
			);
			runOnlyForDeploymentPostprocessing = 0;
		};
		792FA4EC1A8C3A1500314D9B /* Resources */ = {
			isa = PBXResourcesBuildPhase;
			buildActionMask = 2147483647;
			files = (
			);
			runOnlyForDeploymentPostprocessing = 0;
		};
/* End PBXResourcesBuildPhase section */

/* Begin PBXSourcesBuildPhase section */
		792FA4D21A8C3A1500314D9B /* Sources */ = {
			isa = PBXSourcesBuildPhase;
			buildActionMask = 2147483647;
			files = (
				792FA5011A8D3CA100314D9B /* MainData.swift in Sources */,
				79C4EABB1B1B4A64008579B8 /* ASRangesRule.swift in Sources */,
				79DCA68F1AE8893600E57E4F /* LimitPickerTableViewCell.swift in Sources */,
				79CCA18D1B154C47009A6271 /* NumberInputTableViewCell.swift in Sources */,
				792FA5031A8D71F800314D9B /* ScorerViewController.swift in Sources */,
				79CE446C1AEF138200B11A69 /* ASRow.swift in Sources */,
				79CE446E1AEF13F200B11A69 /* ASLimitRow.swift in Sources */,
				79AFC0441AF1A52500AD2399 /* MultiChoiceTableViewCell.swift in Sources */,
				79B6CF411B705919008C5642 /* ASModifierRule.swift in Sources */,
				79CE44701AEF144400B11A69 /* ASChoicesRow.swift in Sources */,
				795044DE1AC249C1003614BA /* LimitPickerViewController.swift in Sources */,
				792FA4FF1A8C41BF00314D9B /* StartViewController.swift in Sources */,
				792F15E91AFC59B10047B66F /* ASLimitResultRow.swift in Sources */,
				792FA5051A8EEDE700314D9B /* ScorerTableViewController.swift in Sources */,
				79C4EAB91B1AA053008579B8 /* ASRule.swift in Sources */,
				79DDFCEB1B4F5F9F00F4DA6E /* ASScorer.swift in Sources */,
				792FA4DC1A8C3A1500314D9B /* AppDelegate.swift in Sources */,
				79CCA18B1B140901009A6271 /* ASInputResultRow.swift in Sources */,
				791B564E1B17EA6D00126C10 /* ASFinalScoreRow.swift in Sources */,
				79B6CF3D1B6F9DB8008C5642 /* ASInputRule.swift in Sources */,
				79C754ED1B6C51A800793BEF /* ASTranslateRule.swift in Sources */,
				79B6CF3F1B6FBF9A008C5642 /* ASChoiceRule.swift in Sources */,
				792FA4DF1A8C3A1500314D9B /* SimpleAgricolaScorer.xcdatamodeld in Sources */,
				79EA80B21B0A6A56000FDA42 /* ResultTableViewCell.swift in Sources */,
				79CE44721AEF189900B11A69 /* ASInputRow.swift in Sources */,
			);
			runOnlyForDeploymentPostprocessing = 0;
		};
		792FA4EA1A8C3A1500314D9B /* Sources */ = {
			isa = PBXSourcesBuildPhase;
			buildActionMask = 2147483647;
			files = (
				792FA4F51A8C3A1500314D9B /* SimpleAgricolaScorerTests.swift in Sources */,
			);
			runOnlyForDeploymentPostprocessing = 0;
		};
/* End PBXSourcesBuildPhase section */

/* Begin PBXTargetDependency section */
		792FA4F01A8C3A1500314D9B /* PBXTargetDependency */ = {
			isa = PBXTargetDependency;
			target = 792FA4D51A8C3A1500314D9B /* SimpleAgricolaScorer */;
			targetProxy = 792FA4EF1A8C3A1500314D9B /* PBXContainerItemProxy */;
		};
/* End PBXTargetDependency section */

/* Begin PBXVariantGroup section */
		792FA4E21A8C3A1500314D9B /* Main.storyboard */ = {
			isa = PBXVariantGroup;
			children = (
				792FA4E31A8C3A1500314D9B /* Base */,
			);
			name = Main.storyboard;
			sourceTree = "<group>";
		};
		792FA4E71A8C3A1500314D9B /* LaunchScreen.xib */ = {
			isa = PBXVariantGroup;
			children = (
				792FA4E81A8C3A1500314D9B /* Base */,
			);
			name = LaunchScreen.xib;
			sourceTree = "<group>";
		};
/* End PBXVariantGroup section */

/* Begin XCBuildConfiguration section */
		792FA4F61A8C3A1500314D9B /* Debug */ = {
			isa = XCBuildConfiguration;
			buildSettings = {
				ALWAYS_SEARCH_USER_PATHS = NO;
				CLANG_CXX_LANGUAGE_STANDARD = "gnu++0x";
				CLANG_CXX_LIBRARY = "libc++";
				CLANG_ENABLE_MODULES = YES;
				CLANG_ENABLE_OBJC_ARC = YES;
				CLANG_WARN_BOOL_CONVERSION = YES;
				CLANG_WARN_CONSTANT_CONVERSION = YES;
				CLANG_WARN_DIRECT_OBJC_ISA_USAGE = YES_ERROR;
				CLANG_WARN_EMPTY_BODY = YES;
				CLANG_WARN_ENUM_CONVERSION = YES;
				CLANG_WARN_INT_CONVERSION = YES;
				CLANG_WARN_OBJC_ROOT_CLASS = YES_ERROR;
				CLANG_WARN_UNREACHABLE_CODE = YES;
				CLANG_WARN__DUPLICATE_METHOD_MATCH = YES;
				"CODE_SIGN_IDENTITY[sdk=iphoneos*]" = "iPhone Developer";
				COPY_PHASE_STRIP = NO;
				ENABLE_STRICT_OBJC_MSGSEND = YES;
				GCC_C_LANGUAGE_STANDARD = gnu99;
				GCC_DYNAMIC_NO_PIC = NO;
				GCC_OPTIMIZATION_LEVEL = 0;
				GCC_PREPROCESSOR_DEFINITIONS = (
					"DEBUG=1",
					"$(inherited)",
				);
				GCC_SYMBOLS_PRIVATE_EXTERN = NO;
				GCC_WARN_64_TO_32_BIT_CONVERSION = YES;
				GCC_WARN_ABOUT_RETURN_TYPE = YES_ERROR;
				GCC_WARN_UNDECLARED_SELECTOR = YES;
				GCC_WARN_UNINITIALIZED_AUTOS = YES_AGGRESSIVE;
				GCC_WARN_UNUSED_FUNCTION = YES;
				GCC_WARN_UNUSED_VARIABLE = YES;
				IPHONEOS_DEPLOYMENT_TARGET = 8.1;
				MTL_ENABLE_DEBUG_INFO = YES;
				ONLY_ACTIVE_ARCH = YES;
				SDKROOT = iphoneos;
				SWIFT_OPTIMIZATION_LEVEL = "-Onone";
			};
			name = Debug;
		};
		792FA4F71A8C3A1500314D9B /* Release */ = {
			isa = XCBuildConfiguration;
			buildSettings = {
				ALWAYS_SEARCH_USER_PATHS = NO;
				CLANG_CXX_LANGUAGE_STANDARD = "gnu++0x";
				CLANG_CXX_LIBRARY = "libc++";
				CLANG_ENABLE_MODULES = YES;
				CLANG_ENABLE_OBJC_ARC = YES;
				CLANG_WARN_BOOL_CONVERSION = YES;
				CLANG_WARN_CONSTANT_CONVERSION = YES;
				CLANG_WARN_DIRECT_OBJC_ISA_USAGE = YES_ERROR;
				CLANG_WARN_EMPTY_BODY = YES;
				CLANG_WARN_ENUM_CONVERSION = YES;
				CLANG_WARN_INT_CONVERSION = YES;
				CLANG_WARN_OBJC_ROOT_CLASS = YES_ERROR;
				CLANG_WARN_UNREACHABLE_CODE = YES;
				CLANG_WARN__DUPLICATE_METHOD_MATCH = YES;
				"CODE_SIGN_IDENTITY[sdk=iphoneos*]" = "iPhone Developer";
				COPY_PHASE_STRIP = YES;
				ENABLE_NS_ASSERTIONS = NO;
				ENABLE_STRICT_OBJC_MSGSEND = YES;
				GCC_C_LANGUAGE_STANDARD = gnu99;
				GCC_WARN_64_TO_32_BIT_CONVERSION = YES;
				GCC_WARN_ABOUT_RETURN_TYPE = YES_ERROR;
				GCC_WARN_UNDECLARED_SELECTOR = YES;
				GCC_WARN_UNINITIALIZED_AUTOS = YES_AGGRESSIVE;
				GCC_WARN_UNUSED_FUNCTION = YES;
				GCC_WARN_UNUSED_VARIABLE = YES;
				IPHONEOS_DEPLOYMENT_TARGET = 8.1;
				MTL_ENABLE_DEBUG_INFO = NO;
				SDKROOT = iphoneos;
				VALIDATE_PRODUCT = YES;
			};
			name = Release;
		};
		792FA4F91A8C3A1500314D9B /* Debug */ = {
			isa = XCBuildConfiguration;
			buildSettings = {
				ASSETCATALOG_COMPILER_APPICON_NAME = AppIcon;
				INFOPLIST_FILE = SimpleAgricolaScorer/Info.plist;
				LD_RUNPATH_SEARCH_PATHS = "$(inherited) @executable_path/Frameworks";
				PRODUCT_NAME = "$(TARGET_NAME)";
			};
			name = Debug;
		};
		792FA4FA1A8C3A1500314D9B /* Release */ = {
			isa = XCBuildConfiguration;
			buildSettings = {
				ASSETCATALOG_COMPILER_APPICON_NAME = AppIcon;
				INFOPLIST_FILE = SimpleAgricolaScorer/Info.plist;
				LD_RUNPATH_SEARCH_PATHS = "$(inherited) @executable_path/Frameworks";
				PRODUCT_NAME = "$(TARGET_NAME)";
			};
			name = Release;
		};
		792FA4FC1A8C3A1500314D9B /* Debug */ = {
			isa = XCBuildConfiguration;
			buildSettings = {
				BUNDLE_LOADER = "$(TEST_HOST)";
				FRAMEWORK_SEARCH_PATHS = (
					"$(SDKROOT)/Developer/Library/Frameworks",
					"$(inherited)",
				);
				GCC_PREPROCESSOR_DEFINITIONS = (
					"DEBUG=1",
					"$(inherited)",
				);
				INFOPLIST_FILE = SimpleAgricolaScorerTests/Info.plist;
				LD_RUNPATH_SEARCH_PATHS = "$(inherited) @executable_path/Frameworks @loader_path/Frameworks";
				PRODUCT_NAME = "$(TARGET_NAME)";
				TEST_HOST = "$(BUILT_PRODUCTS_DIR)/SimpleAgricolaScorer.app/SimpleAgricolaScorer";
			};
			name = Debug;
		};
		792FA4FD1A8C3A1500314D9B /* Release */ = {
			isa = XCBuildConfiguration;
			buildSettings = {
				BUNDLE_LOADER = "$(TEST_HOST)";
				FRAMEWORK_SEARCH_PATHS = (
					"$(SDKROOT)/Developer/Library/Frameworks",
					"$(inherited)",
				);
				INFOPLIST_FILE = SimpleAgricolaScorerTests/Info.plist;
				LD_RUNPATH_SEARCH_PATHS = "$(inherited) @executable_path/Frameworks @loader_path/Frameworks";
				PRODUCT_NAME = "$(TARGET_NAME)";
				TEST_HOST = "$(BUILT_PRODUCTS_DIR)/SimpleAgricolaScorer.app/SimpleAgricolaScorer";
			};
			name = Release;
		};
/* End XCBuildConfiguration section */

/* Begin XCConfigurationList section */
		792FA4D11A8C3A1500314D9B /* Build configuration list for PBXProject "SimpleAgricolaScorer" */ = {
			isa = XCConfigurationList;
			buildConfigurations = (
				792FA4F61A8C3A1500314D9B /* Debug */,
				792FA4F71A8C3A1500314D9B /* Release */,
			);
			defaultConfigurationIsVisible = 0;
			defaultConfigurationName = Release;
		};
		792FA4F81A8C3A1500314D9B /* Build configuration list for PBXNativeTarget "SimpleAgricolaScorer" */ = {
			isa = XCConfigurationList;
			buildConfigurations = (
				792FA4F91A8C3A1500314D9B /* Debug */,
				792FA4FA1A8C3A1500314D9B /* Release */,
			);
			defaultConfigurationIsVisible = 0;
			defaultConfigurationName = Release;
		};
		792FA4FB1A8C3A1500314D9B /* Build configuration list for PBXNativeTarget "SimpleAgricolaScorerTests" */ = {
			isa = XCConfigurationList;
			buildConfigurations = (
				792FA4FC1A8C3A1500314D9B /* Debug */,
				792FA4FD1A8C3A1500314D9B /* Release */,
			);
			defaultConfigurationIsVisible = 0;
			defaultConfigurationName = Release;
		};
/* End XCConfigurationList section */

/* Begin XCVersionGroup section */
		792FA4DD1A8C3A1500314D9B /* SimpleAgricolaScorer.xcdatamodeld */ = {
			isa = XCVersionGroup;
			children = (
				792FA4DE1A8C3A1500314D9B /* SimpleAgricolaScorer.xcdatamodel */,
			);
			currentVersion = 792FA4DE1A8C3A1500314D9B /* SimpleAgricolaScorer.xcdatamodel */;
			path = SimpleAgricolaScorer.xcdatamodeld;
			sourceTree = "<group>";
			versionGroupType = wrapper.xcdatamodel;
		};
/* End XCVersionGroup section */
	};
	rootObject = 792FA4CE1A8C3A1500314D9B /* Project object */;
}
